
Microsoft Visual Studio Solution File, Format Version 12.00
# Visual Studio 14
VisualStudioVersion = 14.0.25420.1
MinimumVisualStudioVersion = 10.0.40219.1
Project("{2150E333-8FDC-42A3-9474-1A3956D46DE8}") = "Test", "Test", "{BF3C66D1-1A40-4BF8-97A7-A4D85D516BC6}"
EndProject
Project("{FAE04EC0-301F-11D3-BF4B-00C04F79EFBC}") = "Foundation", "Foundation\Foundation.csproj", "{A71C6074-5292-4891-BF74-A8384363433E}"
EndProject
Project("{FAE04EC0-301F-11D3-BF4B-00C04F79EFBC}") = "ConsoleDeTest", "ConsoleDeTest\ConsoleDeTest.csproj", "{E08AA328-5054-4637-8171-2E3423AF2BCD}"
EndProject
Project("{FAE04EC0-301F-11D3-BF4B-00C04F79EFBC}") = "Business", "Business\Business.csproj", "{3D20A572-021F-4975-94E9-D326662D4147}"
EndProject
Project("{FAE04EC0-301F-11D3-BF4B-00C04F79EFBC}") = "CalibreWeb", "CalibreWeb\CalibreWeb.csproj", "{B2AB6F8A-459B-4F2E-BB82-3F4F52B8FCF7}"
EndProject
Global
	GlobalSection(SolutionConfigurationPlatforms) = preSolution
		Debug|Any CPU = Debug|Any CPU
		Debug|Mixed Platforms = Debug|Mixed Platforms
		Debug|x86 = Debug|x86
		Release|Any CPU = Release|Any CPU
		Release|Mixed Platforms = Release|Mixed Platforms
		Release|x86 = Release|x86
	EndGlobalSection
	GlobalSection(ProjectConfigurationPlatforms) = postSolution
		{A71C6074-5292-4891-BF74-A8384363433E}.Debug|Any CPU.ActiveCfg = Debug|x86
		{A71C6074-5292-4891-BF74-A8384363433E}.Debug|Any CPU.Build.0 = Debug|x86
		{A71C6074-5292-4891-BF74-A8384363433E}.Debug|Mixed Platforms.ActiveCfg = Debug|x86
		{A71C6074-5292-4891-BF74-A8384363433E}.Debug|Mixed Platforms.Build.0 = Debug|x86
		{A71C6074-5292-4891-BF74-A8384363433E}.Debug|x86.ActiveCfg = Debug|x86
		{A71C6074-5292-4891-BF74-A8384363433E}.Debug|x86.Build.0 = Debug|x86
		{A71C6074-5292-4891-BF74-A8384363433E}.Release|Any CPU.ActiveCfg = Release|x86
		{A71C6074-5292-4891-BF74-A8384363433E}.Release|Any CPU.Build.0 = Release|x86
		{A71C6074-5292-4891-BF74-A8384363433E}.Release|Mixed Platforms.ActiveCfg = Release|x86
		{A71C6074-5292-4891-BF74-A8384363433E}.Release|Mixed Platforms.Build.0 = Release|x86
		{A71C6074-5292-4891-BF74-A8384363433E}.Release|x86.ActiveCfg = Release|x86
		{A71C6074-5292-4891-BF74-A8384363433E}.Release|x86.Build.0 = Release|x86
		{E08AA328-5054-4637-8171-2E3423AF2BCD}.Debug|Any CPU.ActiveCfg = Debug|x86
		{E08AA328-5054-4637-8171-2E3423AF2BCD}.Debug|Any CPU.Build.0 = Debug|x86
		{E08AA328-5054-4637-8171-2E3423AF2BCD}.Debug|Mixed Platforms.ActiveCfg = Debug|x86
		{E08AA328-5054-4637-8171-2E3423AF2BCD}.Debug|x86.ActiveCfg = Debug|x86
		{E08AA328-5054-4637-8171-2E3423AF2BCD}.Debug|x86.Build.0 = Debug|x86
		{E08AA328-5054-4637-8171-2E3423AF2BCD}.Release|Any CPU.ActiveCfg = Release|x86
		{E08AA328-5054-4637-8171-2E3423AF2BCD}.Release|Any CPU.Build.0 = Release|x86
		{E08AA328-5054-4637-8171-2E3423AF2BCD}.Release|Mixed Platforms.ActiveCfg = Release|x86
		{E08AA328-5054-4637-8171-2E3423AF2BCD}.Release|Mixed Platforms.Build.0 = Release|x86
		{E08AA328-5054-4637-8171-2E3423AF2BCD}.Release|x86.ActiveCfg = Release|x86
		{E08AA328-5054-4637-8171-2E3423AF2BCD}.Release|x86.Build.0 = Release|x86
		{3D20A572-021F-4975-94E9-D326662D4147}.Debug|Any CPU.ActiveCfg = Debug|x86
		{3D20A572-021F-4975-94E9-D326662D4147}.Debug|Any CPU.Build.0 = Debug|x86
		{3D20A572-021F-4975-94E9-D326662D4147}.Debug|Mixed Platforms.ActiveCfg = Debug|x86
		{3D20A572-021F-4975-94E9-D326662D4147}.Debug|Mixed Platforms.Build.0 = Debug|x86
		{3D20A572-021F-4975-94E9-D326662D4147}.Debug|x86.ActiveCfg = Debug|x86
		{3D20A572-021F-4975-94E9-D326662D4147}.Debug|x86.Build.0 = Debug|x86
		{3D20A572-021F-4975-94E9-D326662D4147}.Release|Any CPU.ActiveCfg = Release|x86
		{3D20A572-021F-4975-94E9-D326662D4147}.Release|Any CPU.Build.0 = Release|x86
		{3D20A572-021F-4975-94E9-D326662D4147}.Release|Mixed Platforms.ActiveCfg = Release|x86
		{3D20A572-021F-4975-94E9-D326662D4147}.Release|Mixed Platforms.Build.0 = Release|x86
		{3D20A572-021F-4975-94E9-D326662D4147}.Release|x86.ActiveCfg = Release|x86
		{3D20A572-021F-4975-94E9-D326662D4147}.Release|x86.Build.0 = Release|x86
		{B2AB6F8A-459B-4F2E-BB82-3F4F52B8FCF7}.Debug|Any CPU.ActiveCfg = Debug|Any CPU
		{B2AB6F8A-459B-4F2E-BB82-3F4F52B8FCF7}.Debug|Any CPU.Build.0 = Debug|Any CPU
		{B2AB6F8A-459B-4F2E-BB82-3F4F52B8FCF7}.Debug|Mixed Platforms.ActiveCfg = Debug|Any CPU
		{B2AB6F8A-459B-4F2E-BB82-3F4F52B8FCF7}.Debug|Mixed Platforms.Build.0 = Debug|Any CPU
		{B2AB6F8A-459B-4F2E-BB82-3F4F52B8FCF7}.Debug|x86.ActiveCfg = Debug|Any CPU
		{B2AB6F8A-459B-4F2E-BB82-3F4F52B8FCF7}.Release|Any CPU.ActiveCfg = Release|Any CPU
		{B2AB6F8A-459B-4F2E-BB82-3F4F52B8FCF7}.Release|Any CPU.Build.0 = Release|Any CPU
		{B2AB6F8A-459B-4F2E-BB82-3F4F52B8FCF7}.Release|Mixed Platforms.ActiveCfg = Release|Any CPU
		{B2AB6F8A-459B-4F2E-BB82-3F4F52B8FCF7}.Release|Mixed Platforms.Build.0 = Release|Any CPU
		{B2AB6F8A-459B-4F2E-BB82-3F4F52B8FCF7}.Release|x86.ActiveCfg = Release|Any CPU
	EndGlobalSection
	GlobalSection(SolutionProperties) = preSolution
		HideSolutionNode = FALSE
	EndGlobalSection
	GlobalSection(NestedProjects) = preSolution
		{E08AA328-5054-4637-8171-2E3423AF2BCD} = {BF3C66D1-1A40-4BF8-97A7-A4D85D516BC6}
	EndGlobalSection
EndGlobal
